
Microsoft Visual Studio Solution File, Format Version 12.00
# Visual Studio 14
VisualStudioVersion = 14.0.23107.0
MinimumVisualStudioVersion = 10.0.40219.1
Project("{8BC9CEB8-8B4A-11D0-8D11-00A0C91BC942}") = "LocalAccounts", "Examples\LocalAccounts\LocalAccounts.vcxproj", "{39EF4FE4-4835-4F57-B045-163A807C598B}"
EndProject
Project("{2150E333-8FDC-42A3-9474-1A3956D46DE8}") = "WinApiHelper", "WinApiHelper", "{1F98918D-2AEE-42AF-8806-BEC1E06E5F62}"
	ProjectSection(SolutionItems) = preProject
		WinApiHelper\Encoding.hpp = WinApiHelper\Encoding.hpp
		WinApiHelper\Environment.hpp = WinApiHelper\Environment.hpp
		WinApiHelper\Locale.hpp = WinApiHelper\Locale.hpp
		WinApiHelper\Registry.hpp = WinApiHelper\Registry.hpp
		WinApiHelper\Security.hpp = WinApiHelper\Security.hpp
		WinApiHelper\System.hpp = WinApiHelper\System.hpp
		WinApiHelper\UserProfile.hpp = WinApiHelper\UserProfile.hpp
	EndProjectSection
EndProject
Project("{8BC9CEB8-8B4A-11D0-8D11-00A0C91BC942}") = "WindowsVersion", "Examples\WindowsVersion\WindowsVersion.vcxproj", "{3C8399DD-F059-4DCB-AD74-5D63F1AE8880}"
EndProject
Project("{8BC9CEB8-8B4A-11D0-8D11-00A0C91BC942}") = "Base64Test", "Base64Test\Base64Test.vcxproj", "{EEE96377-52D9-4762-A54D-0375955C75DF}"
EndProject
Project("{2150E333-8FDC-42A3-9474-1A3956D46DE8}") = "StdHelper", "StdHelper", "{C2A206E7-B9AC-472B-8CB9-C68F69A53BBF}"
	ProjectSection(SolutionItems) = preProject
		StdHelper\string.hpp = StdHelper\string.hpp
	EndProjectSection
EndProject
Project("{8BC9CEB8-8B4A-11D0-8D11-00A0C91BC942}") = "ExamineUserRegHives", "Examples\ExamineUserRegHives\ExamineUserRegHives.vcxproj", "{97F18E38-6E5E-4D40-A1ED-C5E991208560}"
EndProject
Global
	GlobalSection(SolutionConfigurationPlatforms) = preSolution
		Debug|Win32 = Debug|Win32
		Debug|x64 = Debug|x64
		Release|Win32 = Release|Win32
		Release|x64 = Release|x64
	EndGlobalSection
	GlobalSection(ProjectConfigurationPlatforms) = postSolution
		{39EF4FE4-4835-4F57-B045-163A807C598B}.Debug|Win32.ActiveCfg = Debug|Win32
		{39EF4FE4-4835-4F57-B045-163A807C598B}.Debug|Win32.Build.0 = Debug|Win32
		{39EF4FE4-4835-4F57-B045-163A807C598B}.Debug|x64.ActiveCfg = Debug|x64
		{39EF4FE4-4835-4F57-B045-163A807C598B}.Debug|x64.Build.0 = Debug|x64
		{39EF4FE4-4835-4F57-B045-163A807C598B}.Release|Win32.ActiveCfg = Release|Win32
		{39EF4FE4-4835-4F57-B045-163A807C598B}.Release|Win32.Build.0 = Release|Win32
		{39EF4FE4-4835-4F57-B045-163A807C598B}.Release|x64.ActiveCfg = Release|x64
		{39EF4FE4-4835-4F57-B045-163A807C598B}.Release|x64.Build.0 = Release|x64
		{3C8399DD-F059-4DCB-AD74-5D63F1AE8880}.Debug|Win32.ActiveCfg = Debug|Win32
		{3C8399DD-F059-4DCB-AD74-5D63F1AE8880}.Debug|Win32.Build.0 = Debug|Win32
		{3C8399DD-F059-4DCB-AD74-5D63F1AE8880}.Debug|x64.ActiveCfg = Debug|x64
		{3C8399DD-F059-4DCB-AD74-5D63F1AE8880}.Debug|x64.Build.0 = Debug|x64
		{3C8399DD-F059-4DCB-AD74-5D63F1AE8880}.Release|Win32.ActiveCfg = Release|Win32
		{3C8399DD-F059-4DCB-AD74-5D63F1AE8880}.Release|Win32.Build.0 = Release|Win32
		{3C8399DD-F059-4DCB-AD74-5D63F1AE8880}.Release|x64.ActiveCfg = Release|x64
		{3C8399DD-F059-4DCB-AD74-5D63F1AE8880}.Release|x64.Build.0 = Release|x64
		{EEE96377-52D9-4762-A54D-0375955C75DF}.Debug|Win32.ActiveCfg = Debug|Win32
		{EEE96377-52D9-4762-A54D-0375955C75DF}.Debug|Win32.Build.0 = Debug|Win32
		{EEE96377-52D9-4762-A54D-0375955C75DF}.Debug|x64.ActiveCfg = Debug|x64
		{EEE96377-52D9-4762-A54D-0375955C75DF}.Debug|x64.Build.0 = Debug|x64
		{EEE96377-52D9-4762-A54D-0375955C75DF}.Release|Win32.ActiveCfg = Release|Win32
		{EEE96377-52D9-4762-A54D-0375955C75DF}.Release|Win32.Build.0 = Release|Win32
		{EEE96377-52D9-4762-A54D-0375955C75DF}.Release|x64.ActiveCfg = Release|x64
		{EEE96377-52D9-4762-A54D-0375955C75DF}.Release|x64.Build.0 = Release|x64
		{97F18E38-6E5E-4D40-A1ED-C5E991208560}.Debug|Win32.ActiveCfg = Debug|Win32
		{97F18E38-6E5E-4D40-A1ED-C5E991208560}.Debug|Win32.Build.0 = Debug|Win32
		{97F18E38-6E5E-4D40-A1ED-C5E991208560}.Debug|x64.ActiveCfg = Debug|x64
		{97F18E38-6E5E-4D40-A1ED-C5E991208560}.Debug|x64.Build.0 = Debug|x64
		{97F18E38-6E5E-4D40-A1ED-C5E991208560}.Release|Win32.ActiveCfg = Release|Win32
		{97F18E38-6E5E-4D40-A1ED-C5E991208560}.Release|Win32.Build.0 = Release|Win32
		{97F18E38-6E5E-4D40-A1ED-C5E991208560}.Release|x64.ActiveCfg = Release|x64
		{97F18E38-6E5E-4D40-A1ED-C5E991208560}.Release|x64.Build.0 = Release|x64
	EndGlobalSection
	GlobalSection(SolutionProperties) = preSolution
		HideSolutionNode = FALSE
	EndGlobalSection
EndGlobal
